
Microsoft Visual Studio Solution File, Format Version 12.00
# Visual Studio Version 17
VisualStudioVersion = 17.5.002.0
MinimumVisualStudioVersion = 10.0.40219.1
Project("{2150E333-8FDC-42A3-9474-1A3956D46DE8}") = "week01", "week01", "{FE0C6F67-5DA5-4895-BE85-8C6E397D5D91}"
EndProject
Project("{9A19103F-16F7-4668-BE54-9A1E7A4F7556}") = "code", "week01\code\code.csproj", "{16737495-D120-47B2-956F-FA7337EFC09C}"
EndProject
Project("{9A19103F-16F7-4668-BE54-9A1E7A4F7556}") = "analyze", "week01\analyze\analyze.csproj", "{3A528300-4F4F-4624-90A3-0BF66F1CA965}"
EndProject
Project("{9A19103F-16F7-4668-BE54-9A1E7A4F7556}") = "teach", "week01\teach\teach.csproj", "{AFF72F42-76D4-4089-8F2D-AB539AF5845B}"
EndProject
Project("{2150E333-8FDC-42A3-9474-1A3956D46DE8}") = "week06", "week06", "{C189A578-1CC2-4FFC-9B32-94B109CCEAE9}"
EndProject
Project("{9A19103F-16F7-4668-BE54-9A1E7A4F7556}") = "code", "week06\code\code.csproj", "{3E64D2E0-701B-4ADE-9DD0-3115B930A8FF}"
EndProject
Project("{2150E333-8FDC-42A3-9474-1A3956D46DE8}") = "sandbox", "sandbox", "{7DD838F7-F4D2-451D-BA53-32B4F5A56512}"
EndProject
Project("{9A19103F-16F7-4668-BE54-9A1E7A4F7556}") = "sandbox_project", "sandbox\sandbox_project\sandbox_project.csproj", "{F07200D0-AAE9-46A2-9BEC-50142C912CB1}"
EndProject
Project("{2150E333-8FDC-42A3-9474-1A3956D46DE8}") = "week05", "week05", "{87D710D2-6619-4EE0-AFFC-F5B7D6352B52}"
EndProject
Project("{9A19103F-16F7-4668-BE54-9A1E7A4F7556}") = "code", "week05\code\code.csproj", "{D7DE229E-9335-4766-8603-7DB5D6346CEC}"
EndProject
Project("{2150E333-8FDC-42A3-9474-1A3956D46DE8}") = "week02", "week02", "{A103EF7D-07DC-431F-8950-BED5D5C4851F}"
EndProject
Project("{9A19103F-16F7-4668-BE54-9A1E7A4F7556}") = "learn", "week02\learn\learn.csproj", "{98499B55-092A-45EA-A63A-768FA4BF913B}"
EndProject
Project("{9A19103F-16F7-4668-BE54-9A1E7A4F7556}") = "code", "week02\code\code.csproj", "{55C2E426-A24C-4D62-8C00-D4BB298F2788}"
EndProject
Project("{9A19103F-16F7-4668-BE54-9A1E7A4F7556}") = "analyze", "week02\analyze\analyze.csproj", "{154ED8BC-2D5D-41C6-B164-A2D5B6D81D9C}"
EndProject
Project("{9A19103F-16F7-4668-BE54-9A1E7A4F7556}") = "teach", "week02\teach\teach.csproj", "{D2BF7CC9-69E2-4086-AA31-0C9AC4F4E951}"
EndProject
Project("{2150E333-8FDC-42A3-9474-1A3956D46DE8}") = "week03", "week03", "{9996A708-3A0A-4E69-B662-427878FD7932}"
EndProject
Project("{9A19103F-16F7-4668-BE54-9A1E7A4F7556}") = "learn", "week03\learn\learn.csproj", "{BD16F563-04AF-48BC-B407-07ADC055CA7B}"
EndProject
Project("{9A19103F-16F7-4668-BE54-9A1E7A4F7556}") = "code", "week03\code\code.csproj", "{7633B5A1-F6E3-4DA7-AD9D-F8C4D83A77CD}"
EndProject
Project("{9A19103F-16F7-4668-BE54-9A1E7A4F7556}") = "teach", "week03\teach\teach.csproj", "{B47C62FD-BA66-4D53-ADC3-59D54A123BDA}"
EndProject
Project("{2150E333-8FDC-42A3-9474-1A3956D46DE8}") = "week04", "week04", "{A3712CA9-401C-41EF-91B2-799546775BCA}"
EndProject
Project("{9A19103F-16F7-4668-BE54-9A1E7A4F7556}") = "code", "week04\code\code.csproj", "{C0BD50F3-861A-4DE4-8B88-46C291D181C5}"
EndProject
Global
	GlobalSection(SolutionConfigurationPlatforms) = preSolution
		Debug|Any CPU = Debug|Any CPU
		Release|Any CPU = Release|Any CPU
	EndGlobalSection
	GlobalSection(ProjectConfigurationPlatforms) = postSolution
		{16737495-D120-47B2-956F-FA7337EFC09C}.Debug|Any CPU.ActiveCfg = Debug|Any CPU
		{16737495-D120-47B2-956F-FA7337EFC09C}.Debug|Any CPU.Build.0 = Debug|Any CPU
		{16737495-D120-47B2-956F-FA7337EFC09C}.Release|Any CPU.ActiveCfg = Release|Any CPU
		{16737495-D120-47B2-956F-FA7337EFC09C}.Release|Any CPU.Build.0 = Release|Any CPU
		{3A528300-4F4F-4624-90A3-0BF66F1CA965}.Debug|Any CPU.ActiveCfg = Debug|Any CPU
		{3A528300-4F4F-4624-90A3-0BF66F1CA965}.Debug|Any CPU.Build.0 = Debug|Any CPU
		{3A528300-4F4F-4624-90A3-0BF66F1CA965}.Release|Any CPU.ActiveCfg = Release|Any CPU
		{3A528300-4F4F-4624-90A3-0BF66F1CA965}.Release|Any CPU.Build.0 = Release|Any CPU
		{AFF72F42-76D4-4089-8F2D-AB539AF5845B}.Debug|Any CPU.ActiveCfg = Debug|Any CPU
		{AFF72F42-76D4-4089-8F2D-AB539AF5845B}.Debug|Any CPU.Build.0 = Debug|Any CPU
		{AFF72F42-76D4-4089-8F2D-AB539AF5845B}.Release|Any CPU.ActiveCfg = Release|Any CPU
		{AFF72F42-76D4-4089-8F2D-AB539AF5845B}.Release|Any CPU.Build.0 = Release|Any CPU
		{3E64D2E0-701B-4ADE-9DD0-3115B930A8FF}.Debug|Any CPU.ActiveCfg = Debug|Any CPU
		{3E64D2E0-701B-4ADE-9DD0-3115B930A8FF}.Debug|Any CPU.Build.0 = Debug|Any CPU
		{3E64D2E0-701B-4ADE-9DD0-3115B930A8FF}.Release|Any CPU.ActiveCfg = Release|Any CPU
		{3E64D2E0-701B-4ADE-9DD0-3115B930A8FF}.Release|Any CPU.Build.0 = Release|Any CPU
		{F07200D0-AAE9-46A2-9BEC-50142C912CB1}.Debug|Any CPU.ActiveCfg = Debug|Any CPU
		{F07200D0-AAE9-46A2-9BEC-50142C912CB1}.Debug|Any CPU.Build.0 = Debug|Any CPU
		{F07200D0-AAE9-46A2-9BEC-50142C912CB1}.Release|Any CPU.ActiveCfg = Release|Any CPU
		{F07200D0-AAE9-46A2-9BEC-50142C912CB1}.Release|Any CPU.Build.0 = Release|Any CPU
		{D7DE229E-9335-4766-8603-7DB5D6346CEC}.Debug|Any CPU.ActiveCfg = Debug|Any CPU
		{D7DE229E-9335-4766-8603-7DB5D6346CEC}.Debug|Any CPU.Build.0 = Debug|Any CPU
		{D7DE229E-9335-4766-8603-7DB5D6346CEC}.Release|Any CPU.ActiveCfg = Release|Any CPU
		{D7DE229E-9335-4766-8603-7DB5D6346CEC}.Release|Any CPU.Build.0 = Release|Any CPU
		{98499B55-092A-45EA-A63A-768FA4BF913B}.Debug|Any CPU.ActiveCfg = Debug|Any CPU
		{98499B55-092A-45EA-A63A-768FA4BF913B}.Debug|Any CPU.Build.0 = Debug|Any CPU
		{98499B55-092A-45EA-A63A-768FA4BF913B}.Release|Any CPU.ActiveCfg = Release|Any CPU
		{98499B55-092A-45EA-A63A-768FA4BF913B}.Release|Any CPU.Build.0 = Release|Any CPU
		{55C2E426-A24C-4D62-8C00-D4BB298F2788}.Debug|Any CPU.ActiveCfg = Debug|Any CPU
		{55C2E426-A24C-4D62-8C00-D4BB298F2788}.Debug|Any CPU.Build.0 = Debug|Any CPU
		{55C2E426-A24C-4D62-8C00-D4BB298F2788}.Release|Any CPU.ActiveCfg = Release|Any CPU
		{55C2E426-A24C-4D62-8C00-D4BB298F2788}.Release|Any CPU.Build.0 = Release|Any CPU
		{154ED8BC-2D5D-41C6-B164-A2D5B6D81D9C}.Debug|Any CPU.ActiveCfg = Debug|Any CPU
		{154ED8BC-2D5D-41C6-B164-A2D5B6D81D9C}.Debug|Any CPU.Build.0 = Debug|Any CPU
		{154ED8BC-2D5D-41C6-B164-A2D5B6D81D9C}.Release|Any CPU.ActiveCfg = Release|Any CPU
		{154ED8BC-2D5D-41C6-B164-A2D5B6D81D9C}.Release|Any CPU.Build.0 = Release|Any CPU
		{D2BF7CC9-69E2-4086-AA31-0C9AC4F4E951}.Debug|Any CPU.ActiveCfg = Debug|Any CPU
		{D2BF7CC9-69E2-4086-AA31-0C9AC4F4E951}.Debug|Any CPU.Build.0 = Debug|Any CPU
		{D2BF7CC9-69E2-4086-AA31-0C9AC4F4E951}.Release|Any CPU.ActiveCfg = Release|Any CPU
		{D2BF7CC9-69E2-4086-AA31-0C9AC4F4E951}.Release|Any CPU.Build.0 = Release|Any CPU
		{BD16F563-04AF-48BC-B407-07ADC055CA7B}.Debug|Any CPU.ActiveCfg = Debug|Any CPU
		{BD16F563-04AF-48BC-B407-07ADC055CA7B}.Debug|Any CPU.Build.0 = Debug|Any CPU
		{BD16F563-04AF-48BC-B407-07ADC055CA7B}.Release|Any CPU.ActiveCfg = Release|Any CPU
		{BD16F563-04AF-48BC-B407-07ADC055CA7B}.Release|Any CPU.Build.0 = Release|Any CPU
		{7633B5A1-F6E3-4DA7-AD9D-F8C4D83A77CD}.Debug|Any CPU.ActiveCfg = Debug|Any CPU
		{7633B5A1-F6E3-4DA7-AD9D-F8C4D83A77CD}.Debug|Any CPU.Build.0 = Debug|Any CPU
		{7633B5A1-F6E3-4DA7-AD9D-F8C4D83A77CD}.Release|Any CPU.ActiveCfg = Release|Any CPU
		{7633B5A1-F6E3-4DA7-AD9D-F8C4D83A77CD}.Release|Any CPU.Build.0 = Release|Any CPU
		{B47C62FD-BA66-4D53-ADC3-59D54A123BDA}.Debug|Any CPU.ActiveCfg = Debug|Any CPU
		{B47C62FD-BA66-4D53-ADC3-59D54A123BDA}.Debug|Any CPU.Build.0 = Debug|Any CPU
		{B47C62FD-BA66-4D53-ADC3-59D54A123BDA}.Release|Any CPU.ActiveCfg = Release|Any CPU
		{B47C62FD-BA66-4D53-ADC3-59D54A123BDA}.Release|Any CPU.Build.0 = Release|Any CPU
		{C0BD50F3-861A-4DE4-8B88-46C291D181C5}.Debug|Any CPU.ActiveCfg = Debug|Any CPU
		{C0BD50F3-861A-4DE4-8B88-46C291D181C5}.Debug|Any CPU.Build.0 = Debug|Any CPU
		{C0BD50F3-861A-4DE4-8B88-46C291D181C5}.Release|Any CPU.ActiveCfg = Release|Any CPU
		{C0BD50F3-861A-4DE4-8B88-46C291D181C5}.Release|Any CPU.Build.0 = Release|Any CPU
	EndGlobalSection
	GlobalSection(SolutionProperties) = preSolution
		HideSolutionNode = FALSE
	EndGlobalSection
	GlobalSection(NestedProjects) = preSolution
		{16737495-D120-47B2-956F-FA7337EFC09C} = {FE0C6F67-5DA5-4895-BE85-8C6E397D5D91}
		{3A528300-4F4F-4624-90A3-0BF66F1CA965} = {FE0C6F67-5DA5-4895-BE85-8C6E397D5D91}
		{AFF72F42-76D4-4089-8F2D-AB539AF5845B} = {FE0C6F67-5DA5-4895-BE85-8C6E397D5D91}
		{3E64D2E0-701B-4ADE-9DD0-3115B930A8FF} = {C189A578-1CC2-4FFC-9B32-94B109CCEAE9}
		{F07200D0-AAE9-46A2-9BEC-50142C912CB1} = {7DD838F7-F4D2-451D-BA53-32B4F5A56512}
		{D7DE229E-9335-4766-8603-7DB5D6346CEC} = {87D710D2-6619-4EE0-AFFC-F5B7D6352B52}
		{98499B55-092A-45EA-A63A-768FA4BF913B} = {A103EF7D-07DC-431F-8950-BED5D5C4851F}
		{55C2E426-A24C-4D62-8C00-D4BB298F2788} = {A103EF7D-07DC-431F-8950-BED5D5C4851F}
		{154ED8BC-2D5D-41C6-B164-A2D5B6D81D9C} = {A103EF7D-07DC-431F-8950-BED5D5C4851F}
		{D2BF7CC9-69E2-4086-AA31-0C9AC4F4E951} = {A103EF7D-07DC-431F-8950-BED5D5C4851F}
		{BD16F563-04AF-48BC-B407-07ADC055CA7B} = {9996A708-3A0A-4E69-B662-427878FD7932}
		{7633B5A1-F6E3-4DA7-AD9D-F8C4D83A77CD} = {9996A708-3A0A-4E69-B662-427878FD7932}
		{B47C62FD-BA66-4D53-ADC3-59D54A123BDA} = {9996A708-3A0A-4E69-B662-427878FD7932}
		{C0BD50F3-861A-4DE4-8B88-46C291D181C5} = {A3712CA9-401C-41EF-91B2-799546775BCA}
	EndGlobalSection
	GlobalSection(ExtensibilityGlobals) = postSolution
		SolutionGuid = {CDB43705-A605-4971-8BD7-1C06D7912D94}
	EndGlobalSection
EndGlobal
